// !$*UTF8*$!
{
	archiveVersion = 1;
	classes = {
	};
	objectVersion = 46;
	objects = {

/* Begin PBXBuildFile section */
		E334F77C1E7A7E4E0016ABFE /* SecondViewController.m in Sources */ = {isa = PBXBuildFile; fileRef = E334F77A1E7A7E4E0016ABFE /* SecondViewController.m */; };
		E334F77D1E7A7E4E0016ABFE /* SecondViewController.xib in Resources */ = {isa = PBXBuildFile; fileRef = E334F77B1E7A7E4E0016ABFE /* SecondViewController.xib */; };
		E35912EC1E7B92A8005F7A89 /* HitTestViewController.m in Sources */ = {isa = PBXBuildFile; fileRef = E35912EA1E7B92A8005F7A89 /* HitTestViewController.m */; };
		E35912ED1E7B92A8005F7A89 /* HitTestViewController.xib in Resources */ = {isa = PBXBuildFile; fileRef = E35912EB1E7B92A8005F7A89 /* HitTestViewController.xib */; };
		E3FAA9FE1E792DB700B1F1A6 /* main.m in Sources */ = {isa = PBXBuildFile; fileRef = E3FAA9FD1E792DB700B1F1A6 /* main.m */; };
		E3FAAA011E792DB700B1F1A6 /* AppDelegate.m in Sources */ = {isa = PBXBuildFile; fileRef = E3FAAA001E792DB700B1F1A6 /* AppDelegate.m */; };
		E3FAAA041E792DB700B1F1A6 /* ViewController.m in Sources */ = {isa = PBXBuildFile; fileRef = E3FAAA031E792DB700B1F1A6 /* ViewController.m */; };
		E3FAAA071E792DB700B1F1A6 /* Main.storyboard in Resources */ = {isa = PBXBuildFile; fileRef = E3FAAA051E792DB700B1F1A6 /* Main.storyboard */; };
		E3FAAA091E792DB700B1F1A6 /* Assets.xcassets in Resources */ = {isa = PBXBuildFile; fileRef = E3FAAA081E792DB700B1F1A6 /* Assets.xcassets */; };
		E3FAAA0C1E792DB700B1F1A6 /* LaunchScreen.storyboard in Resources */ = {isa = PBXBuildFile; fileRef = E3FAAA0A1E792DB700B1F1A6 /* LaunchScreen.storyboard */; };
		E3FAAA171E792DB700B1F1A6 /* BLCoreAnimationTests.m in Sources */ = {isa = PBXBuildFile; fileRef = E3FAAA161E792DB700B1F1A6 /* BLCoreAnimationTests.m */; };
		E3FAAA251E79326000B1F1A6 /* FirstDayViewController.m in Sources */ = {isa = PBXBuildFile; fileRef = E3FAAA231E79326000B1F1A6 /* FirstDayViewController.m */; };
		E3FAAA261E79326000B1F1A6 /* FirstDayViewController.xib in Resources */ = {isa = PBXBuildFile; fileRef = E3FAAA241E79326000B1F1A6 /* FirstDayViewController.xib */; };
		E3FAAA2A1E7945B800B1F1A6 /* ContentsRectViewController.m in Sources */ = {isa = PBXBuildFile; fileRef = E3FAAA281E7945B800B1F1A6 /* ContentsRectViewController.m */; };
		E3FAAA2B1E7945B800B1F1A6 /* ContentsRectViewController.xib in Resources */ = {isa = PBXBuildFile; fileRef = E3FAAA291E7945B800B1F1A6 /* ContentsRectViewController.xib */; };
/* End PBXBuildFile section */

/* Begin PBXContainerItemProxy section */
		E3FAAA131E792DB700B1F1A6 /* PBXContainerItemProxy */ = {
			isa = PBXContainerItemProxy;
			containerPortal = E3FAA9F11E792DB700B1F1A6 /* Project object */;
			proxyType = 1;
			remoteGlobalIDString = E3FAA9F81E792DB700B1F1A6;
			remoteInfo = BLCoreAnimation;
		};
/* End PBXContainerItemProxy section */

/* Begin PBXFileReference section */
		E334F7791E7A7E4E0016ABFE /* SecondViewController.h */ = {isa = PBXFileReference; fileEncoding = 4; lastKnownFileType = sourcecode.c.h; path = SecondViewController.h; sourceTree = "<group>"; };
		E334F77A1E7A7E4E0016ABFE /* SecondViewController.m */ = {isa = PBXFileReference; fileEncoding = 4; lastKnownFileType = sourcecode.c.objc; path = SecondViewController.m; sourceTree = "<group>"; };
		E334F77B1E7A7E4E0016ABFE /* SecondViewController.xib */ = {isa = PBXFileReference; fileEncoding = 4; lastKnownFileType = file.xib; path = SecondViewController.xib; sourceTree = "<group>"; };
		E35912E91E7B92A8005F7A89 /* HitTestViewController.h */ = {isa = PBXFileReference; fileEncoding = 4; lastKnownFileType = sourcecode.c.h; path = HitTestViewController.h; sourceTree = "<group>"; };
		E35912EA1E7B92A8005F7A89 /* HitTestViewController.m */ = {isa = PBXFileReference; fileEncoding = 4; lastKnownFileType = sourcecode.c.objc; path = HitTestViewController.m; sourceTree = "<group>"; };
		E35912EB1E7B92A8005F7A89 /* HitTestViewController.xib */ = {isa = PBXFileReference; fileEncoding = 4; lastKnownFileType = file.xib; path = HitTestViewController.xib; sourceTree = "<group>"; };
		E3FAA9F91E792DB700B1F1A6 /* BLCoreAnimation.app */ = {isa = PBXFileReference; explicitFileType = wrapper.application; includeInIndex = 0; path = BLCoreAnimation.app; sourceTree = BUILT_PRODUCTS_DIR; };
		E3FAA9FD1E792DB700B1F1A6 /* main.m */ = {isa = PBXFileReference; lastKnownFileType = sourcecode.c.objc; path = main.m; sourceTree = "<group>"; };
		E3FAA9FF1E792DB700B1F1A6 /* AppDelegate.h */ = {isa = PBXFileReference; lastKnownFileType = sourcecode.c.h; path = AppDelegate.h; sourceTree = "<group>"; };
		E3FAAA001E792DB700B1F1A6 /* AppDelegate.m */ = {isa = PBXFileReference; lastKnownFileType = sourcecode.c.objc; path = AppDelegate.m; sourceTree = "<group>"; };
		E3FAAA021E792DB700B1F1A6 /* ViewController.h */ = {isa = PBXFileReference; lastKnownFileType = sourcecode.c.h; path = ViewController.h; sourceTree = "<group>"; };
		E3FAAA031E792DB700B1F1A6 /* ViewController.m */ = {isa = PBXFileReference; lastKnownFileType = sourcecode.c.objc; path = ViewController.m; sourceTree = "<group>"; };
		E3FAAA061E792DB700B1F1A6 /* Base */ = {isa = PBXFileReference; lastKnownFileType = file.storyboard; name = Base; path = Base.lproj/Main.storyboard; sourceTree = "<group>"; };
		E3FAAA081E792DB700B1F1A6 /* Assets.xcassets */ = {isa = PBXFileReference; lastKnownFileType = folder.assetcatalog; path = Assets.xcassets; sourceTree = "<group>"; };
		E3FAAA0B1E792DB700B1F1A6 /* Base */ = {isa = PBXFileReference; lastKnownFileType = file.storyboard; name = Base; path = Base.lproj/LaunchScreen.storyboard; sourceTree = "<group>"; };
		E3FAAA0D1E792DB700B1F1A6 /* Info.plist */ = {isa = PBXFileReference; lastKnownFileType = text.plist.xml; path = Info.plist; sourceTree = "<group>"; };
		E3FAAA121E792DB700B1F1A6 /* BLCoreAnimationTests.xctest */ = {isa = PBXFileReference; explicitFileType = wrapper.cfbundle; includeInIndex = 0; path = BLCoreAnimationTests.xctest; sourceTree = BUILT_PRODUCTS_DIR; };
		E3FAAA161E792DB700B1F1A6 /* BLCoreAnimationTests.m */ = {isa = PBXFileReference; lastKnownFileType = sourcecode.c.objc; path = BLCoreAnimationTests.m; sourceTree = "<group>"; };
		E3FAAA181E792DB700B1F1A6 /* Info.plist */ = {isa = PBXFileReference; lastKnownFileType = text.plist.xml; path = Info.plist; sourceTree = "<group>"; };
		E3FAAA221E79326000B1F1A6 /* FirstDayViewController.h */ = {isa = PBXFileReference; fileEncoding = 4; lastKnownFileType = sourcecode.c.h; path = FirstDayViewController.h; sourceTree = "<group>"; };
		E3FAAA231E79326000B1F1A6 /* FirstDayViewController.m */ = {isa = PBXFileReference; fileEncoding = 4; lastKnownFileType = sourcecode.c.objc; path = FirstDayViewController.m; sourceTree = "<group>"; };
		E3FAAA241E79326000B1F1A6 /* FirstDayViewController.xib */ = {isa = PBXFileReference; fileEncoding = 4; lastKnownFileType = file.xib; path = FirstDayViewController.xib; sourceTree = "<group>"; };
		E3FAAA271E7945B800B1F1A6 /* ContentsRectViewController.h */ = {isa = PBXFileReference; fileEncoding = 4; lastKnownFileType = sourcecode.c.h; path = ContentsRectViewController.h; sourceTree = "<group>"; };
		E3FAAA281E7945B800B1F1A6 /* ContentsRectViewController.m */ = {isa = PBXFileReference; fileEncoding = 4; lastKnownFileType = sourcecode.c.objc; path = ContentsRectViewController.m; sourceTree = "<group>"; };
		E3FAAA291E7945B800B1F1A6 /* ContentsRectViewController.xib */ = {isa = PBXFileReference; fileEncoding = 4; lastKnownFileType = file.xib; path = ContentsRectViewController.xib; sourceTree = "<group>"; };
/* End PBXFileReference section */

/* Begin PBXFrameworksBuildPhase section */
		E3FAA9F61E792DB700B1F1A6 /* Frameworks */ = {
			isa = PBXFrameworksBuildPhase;
			buildActionMask = 2147483647;
			files = (
			);
			runOnlyForDeploymentPostprocessing = 0;
		};
		E3FAAA0F1E792DB700B1F1A6 /* Frameworks */ = {
			isa = PBXFrameworksBuildPhase;
			buildActionMask = 2147483647;
			files = (
			);
			runOnlyForDeploymentPostprocessing = 0;
		};
/* End PBXFrameworksBuildPhase section */

/* Begin PBXGroup section */
		E334F7781E7A7E260016ABFE /* 2Day */ = {
			isa = PBXGroup;
			children = (
				E334F7791E7A7E4E0016ABFE /* SecondViewController.h */,
				E334F77A1E7A7E4E0016ABFE /* SecondViewController.m */,
				E334F77B1E7A7E4E0016ABFE /* SecondViewController.xib */,
			);
			path = 2Day;
			sourceTree = "<group>";
		};
		E35912E81E7B9291005F7A89 /* 3Day */ = {
			isa = PBXGroup;
			children = (
				E35912E91E7B92A8005F7A89 /* HitTestViewController.h */,
				E35912EA1E7B92A8005F7A89 /* HitTestViewController.m */,
				E35912EB1E7B92A8005F7A89 /* HitTestViewController.xib */,
			);
			path = 3Day;
			sourceTree = "<group>";
		};
		E3FAA9F01E792DB700B1F1A6 = {
			isa = PBXGroup;
			children = (
				E3FAA9FB1E792DB700B1F1A6 /* BLCoreAnimation */,
				E3FAAA151E792DB700B1F1A6 /* BLCoreAnimationTests */,
				E3FAA9FA1E792DB700B1F1A6 /* Products */,
			);
			sourceTree = "<group>";
		};
		E3FAA9FA1E792DB700B1F1A6 /* Products */ = {
			isa = PBXGroup;
			children = (
				E3FAA9F91E792DB700B1F1A6 /* BLCoreAnimation.app */,
				E3FAAA121E792DB700B1F1A6 /* BLCoreAnimationTests.xctest */,
			);
			name = Products;
			sourceTree = "<group>";
		};
		E3FAA9FB1E792DB700B1F1A6 /* BLCoreAnimation */ = {
			isa = PBXGroup;
			children = (
				E3FAAA211E79322A00B1F1A6 /* 1Day */,
				E334F7781E7A7E260016ABFE /* 2Day */,
				E35912E81E7B9291005F7A89 /* 3Day */,
				E3FAA9FF1E792DB700B1F1A6 /* AppDelegate.h */,
				E3FAAA001E792DB700B1F1A6 /* AppDelegate.m */,
				E3FAAA021E792DB700B1F1A6 /* ViewController.h */,
				E3FAAA031E792DB700B1F1A6 /* ViewController.m */,
				E3FAAA051E792DB700B1F1A6 /* Main.storyboard */,
				E3FAAA081E792DB700B1F1A6 /* Assets.xcassets */,
				E3FAAA0A1E792DB700B1F1A6 /* LaunchScreen.storyboard */,
				E3FAAA0D1E792DB700B1F1A6 /* Info.plist */,
				E3FAA9FC1E792DB700B1F1A6 /* Supporting Files */,
			);
			path = BLCoreAnimation;
			sourceTree = "<group>";
		};
		E3FAA9FC1E792DB700B1F1A6 /* Supporting Files */ = {
			isa = PBXGroup;
			children = (
				E3FAA9FD1E792DB700B1F1A6 /* main.m */,
			);
			name = "Supporting Files";
			sourceTree = "<group>";
		};
		E3FAAA151E792DB700B1F1A6 /* BLCoreAnimationTests */ = {
			isa = PBXGroup;
			children = (
				E3FAAA161E792DB700B1F1A6 /* BLCoreAnimationTests.m */,
				E3FAAA181E792DB700B1F1A6 /* Info.plist */,
			);
			path = BLCoreAnimationTests;
			sourceTree = "<group>";
		};
		E3FAAA211E79322A00B1F1A6 /* 1Day */ = {
			isa = PBXGroup;
			children = (
				E3FAAA221E79326000B1F1A6 /* FirstDayViewController.h */,
				E3FAAA231E79326000B1F1A6 /* FirstDayViewController.m */,
				E3FAAA241E79326000B1F1A6 /* FirstDayViewController.xib */,
				E3FAAA271E7945B800B1F1A6 /* ContentsRectViewController.h */,
				E3FAAA281E7945B800B1F1A6 /* ContentsRectViewController.m */,
				E3FAAA291E7945B800B1F1A6 /* ContentsRectViewController.xib */,
			);
			path = 1Day;
			sourceTree = "<group>";
		};
/* End PBXGroup section */

/* Begin PBXNativeTarget section */
		E3FAA9F81E792DB700B1F1A6 /* BLCoreAnimation */ = {
			isa = PBXNativeTarget;
			buildConfigurationList = E3FAAA1B1E792DB700B1F1A6 /* Build configuration list for PBXNativeTarget "BLCoreAnimation" */;
			buildPhases = (
				E3FAA9F51E792DB700B1F1A6 /* Sources */,
				E3FAA9F61E792DB700B1F1A6 /* Frameworks */,
				E3FAA9F71E792DB700B1F1A6 /* Resources */,
			);
			buildRules = (
			);
			dependencies = (
			);
			name = BLCoreAnimation;
			productName = BLCoreAnimation;
			productReference = E3FAA9F91E792DB700B1F1A6 /* BLCoreAnimation.app */;
			productType = "com.apple.product-type.application";
		};
		E3FAAA111E792DB700B1F1A6 /* BLCoreAnimationTests */ = {
			isa = PBXNativeTarget;
			buildConfigurationList = E3FAAA1E1E792DB700B1F1A6 /* Build configuration list for PBXNativeTarget "BLCoreAnimationTests" */;
			buildPhases = (
				E3FAAA0E1E792DB700B1F1A6 /* Sources */,
				E3FAAA0F1E792DB700B1F1A6 /* Frameworks */,
				E3FAAA101E792DB700B1F1A6 /* Resources */,
			);
			buildRules = (
			);
			dependencies = (
				E3FAAA141E792DB700B1F1A6 /* PBXTargetDependency */,
			);
			name = BLCoreAnimationTests;
			productName = BLCoreAnimationTests;
			productReference = E3FAAA121E792DB700B1F1A6 /* BLCoreAnimationTests.xctest */;
			productType = "com.apple.product-type.bundle.unit-test";
		};
/* End PBXNativeTarget section */

/* Begin PBXProject section */
		E3FAA9F11E792DB700B1F1A6 /* Project object */ = {
			isa = PBXProject;
			attributes = {
				LastUpgradeCheck = 0820;
				ORGANIZATIONNAME = scqc;
				TargetAttributes = {
					E3FAA9F81E792DB700B1F1A6 = {
						CreatedOnToolsVersion = 8.2.1;
						DevelopmentTeam = 6T4KFBCGLD;
						ProvisioningStyle = Automatic;
					};
					E3FAAA111E792DB700B1F1A6 = {
						CreatedOnToolsVersion = 8.2.1;
						DevelopmentTeam = 6T4KFBCGLD;
						ProvisioningStyle = Automatic;
						TestTargetID = E3FAA9F81E792DB700B1F1A6;
					};
				};
			};
			buildConfigurationList = E3FAA9F41E792DB700B1F1A6 /* Build configuration list for PBXProject "BLCoreAnimation" */;
			compatibilityVersion = "Xcode 3.2";
			developmentRegion = English;
			hasScannedForEncodings = 0;
			knownRegions = (
				en,
				Base,
			);
			mainGroup = E3FAA9F01E792DB700B1F1A6;
			productRefGroup = E3FAA9FA1E792DB700B1F1A6 /* Products */;
			projectDirPath = "";
			projectRoot = "";
			targets = (
				E3FAA9F81E792DB700B1F1A6 /* BLCoreAnimation */,
				E3FAAA111E792DB700B1F1A6 /* BLCoreAnimationTests */,
			);
		};
/* End PBXProject section */

/* Begin PBXResourcesBuildPhase section */
		E3FAA9F71E792DB700B1F1A6 /* Resources */ = {
			isa = PBXResourcesBuildPhase;
			buildActionMask = 2147483647;
			files = (
				E3FAAA2B1E7945B800B1F1A6 /* ContentsRectViewController.xib in Resources */,
				E3FAAA261E79326000B1F1A6 /* FirstDayViewController.xib in Resources */,
				E35912ED1E7B92A8005F7A89 /* HitTestViewController.xib in Resources */,
				E334F77D1E7A7E4E0016ABFE /* SecondViewController.xib in Resources */,
				E3FAAA0C1E792DB700B1F1A6 /* LaunchScreen.storyboard in Resources */,
				E3FAAA091E792DB700B1F1A6 /* Assets.xcassets in Resources */,
				E3FAAA071E792DB700B1F1A6 /* Main.storyboard in Resources */,
			);
			runOnlyForDeploymentPostprocessing = 0;
		};
		E3FAAA101E792DB700B1F1A6 /* Resources */ = {
			isa = PBXResourcesBuildPhase;
			buildActionMask = 2147483647;
			files = (
			);
			runOnlyForDeploymentPostprocessing = 0;
		};
/* End PBXResourcesBuildPhase section */

/* Begin PBXSourcesBuildPhase section */
		E3FAA9F51E792DB700B1F1A6 /* Sources */ = {
			isa = PBXSourcesBuildPhase;
			buildActionMask = 2147483647;
			files = (
				E35912EC1E7B92A8005F7A89 /* HitTestViewController.m in Sources */,
				E334F77C1E7A7E4E0016ABFE /* SecondViewController.m in Sources */,
				E3FAAA2A1E7945B800B1F1A6 /* ContentsRectViewController.m in Sources */,
				E3FAAA251E79326000B1F1A6 /* FirstDayViewController.m in Sources */,
				E3FAAA041E792DB700B1F1A6 /* ViewController.m in Sources */,
				E3FAAA011E792DB700B1F1A6 /* AppDelegate.m in Sources */,
				E3FAA9FE1E792DB700B1F1A6 /* main.m in Sources */,
			);
			runOnlyForDeploymentPostprocessing = 0;
		};
		E3FAAA0E1E792DB700B1F1A6 /* Sources */ = {
			isa = PBXSourcesBuildPhase;
			buildActionMask = 2147483647;
			files = (
				E3FAAA171E792DB700B1F1A6 /* BLCoreAnimationTests.m in Sources */,
			);
			runOnlyForDeploymentPostprocessing = 0;
		};
/* End PBXSourcesBuildPhase section */

/* Begin PBXTargetDependency section */
		E3FAAA141E792DB700B1F1A6 /* PBXTargetDependency */ = {
			isa = PBXTargetDependency;
			target = E3FAA9F81E792DB700B1F1A6 /* BLCoreAnimation */;
			targetProxy = E3FAAA131E792DB700B1F1A6 /* PBXContainerItemProxy */;
		};
/* End PBXTargetDependency section */

/* Begin PBXVariantGroup section */
		E3FAAA051E792DB700B1F1A6 /* Main.storyboard */ = {
			isa = PBXVariantGroup;
			children = (
				E3FAAA061E792DB700B1F1A6 /* Base */,
			);
			name = Main.storyboard;
			sourceTree = "<group>";
		};
		E3FAAA0A1E792DB700B1F1A6 /* LaunchScreen.storyboard */ = {
			isa = PBXVariantGroup;
			children = (
				E3FAAA0B1E792DB700B1F1A6 /* Base */,
			);
			name = LaunchScreen.storyboard;
			sourceTree = "<group>";
		};
/* End PBXVariantGroup section */

/* Begin XCBuildConfiguration section */
		E3FAAA191E792DB700B1F1A6 /* Debug */ = {
			isa = XCBuildConfiguration;
			buildSettings = {
				ALWAYS_SEARCH_USER_PATHS = NO;
				CLANG_ANALYZER_NONNULL = YES;
				CLANG_CXX_LANGUAGE_STANDARD = "gnu++0x";
				CLANG_CXX_LIBRARY = "libc++";
				CLANG_ENABLE_MODULES = YES;
				CLANG_ENABLE_OBJC_ARC = YES;
				CLANG_WARN_BOOL_CONVERSION = YES;
				CLANG_WARN_CONSTANT_CONVERSION = YES;
				CLANG_WARN_DIRECT_OBJC_ISA_USAGE = YES_ERROR;
				CLANG_WARN_DOCUMENTATION_COMMENTS = YES;
				CLANG_WARN_EMPTY_BODY = YES;
				CLANG_WARN_ENUM_CONVERSION = YES;
				CLANG_WARN_INFINITE_RECURSION = YES;
				CLANG_WARN_INT_CONVERSION = YES;
				CLANG_WARN_OBJC_ROOT_CLASS = YES_ERROR;
				CLANG_WARN_SUSPICIOUS_MOVE = YES;
				CLANG_WARN_UNREACHABLE_CODE = YES;
				CLANG_WARN__DUPLICATE_METHOD_MATCH = YES;
				"CODE_SIGN_IDENTITY[sdk=iphoneos*]" = "iPhone Developer";
				COPY_PHASE_STRIP = NO;
				DEBUG_INFORMATION_FORMAT = dwarf;
				ENABLE_STRICT_OBJC_MSGSEND = YES;
				ENABLE_TESTABILITY = YES;
				GCC_C_LANGUAGE_STANDARD = gnu99;
				GCC_DYNAMIC_NO_PIC = NO;
				GCC_NO_COMMON_BLOCKS = YES;
				GCC_OPTIMIZATION_LEVEL = 0;
				GCC_PREPROCESSOR_DEFINITIONS = (
					"DEBUG=1",
					"$(inherited)",
				);
				GCC_WARN_64_TO_32_BIT_CONVERSION = YES;
				GCC_WARN_ABOUT_RETURN_TYPE = YES_ERROR;
				GCC_WARN_UNDECLARED_SELECTOR = YES;
				GCC_WARN_UNINITIALIZED_AUTOS = YES_AGGRESSIVE;
				GCC_WARN_UNUSED_FUNCTION = YES;
				GCC_WARN_UNUSED_VARIABLE = YES;
				IPHONEOS_DEPLOYMENT_TARGET = 10.2;
				MTL_ENABLE_DEBUG_INFO = YES;
				ONLY_ACTIVE_ARCH = YES;
				SDKROOT = iphoneos;
			};
			name = Debug;
		};
		E3FAAA1A1E792DB700B1F1A6 /* Release */ = {
			isa = XCBuildConfiguration;
			buildSettings = {
				ALWAYS_SEARCH_USER_PATHS = NO;
				CLANG_ANALYZER_NONNULL = YES;
				CLANG_CXX_LANGUAGE_STANDARD = "gnu++0x";
				CLANG_CXX_LIBRARY = "libc++";
				CLANG_ENABLE_MODULES = YES;
				CLANG_ENABLE_OBJC_ARC = YES;
				CLANG_WARN_BOOL_CONVERSION = YES;
				CLANG_WARN_CONSTANT_CONVERSION = YES;
				CLANG_WARN_DIRECT_OBJC_ISA_USAGE = YES_ERROR;
				CLANG_WARN_DOCUMENTATION_COMMENTS = YES;
				CLANG_WARN_EMPTY_BODY = YES;
				CLANG_WARN_ENUM_CONVERSION = YES;
				CLANG_WARN_INFINITE_RECURSION = YES;
				CLANG_WARN_INT_CONVERSION = YES;
				CLANG_WARN_OBJC_ROOT_CLASS = YES_ERROR;
				CLANG_WARN_SUSPICIOUS_MOVE = YES;
				CLANG_WARN_UNREACHABLE_CODE = YES;
				CLANG_WARN__DUPLICATE_METHOD_MATCH = YES;
				"CODE_SIGN_IDENTITY[sdk=iphoneos*]" = "iPhone Developer";
				COPY_PHASE_STRIP = NO;
				DEBUG_INFORMATION_FORMAT = "dwarf-with-dsym";
				ENABLE_NS_ASSERTIONS = NO;
				ENABLE_STRICT_OBJC_MSGSEND = YES;
				GCC_C_LANGUAGE_STANDARD = gnu99;
				GCC_NO_COMMON_BLOCKS = YES;
				GCC_WARN_64_TO_32_BIT_CONVERSION = YES;
				GCC_WARN_ABOUT_RETURN_TYPE = YES_ERROR;
				GCC_WARN_UNDECLARED_SELECTOR = YES;
				GCC_WARN_UNINITIALIZED_AUTOS = YES_AGGRESSIVE;
				GCC_WARN_UNUSED_FUNCTION = YES;
				GCC_WARN_UNUSED_VARIABLE = YES;
				IPHONEOS_DEPLOYMENT_TARGET = 10.2;
				MTL_ENABLE_DEBUG_INFO = NO;
				SDKROOT = iphoneos;
				VALIDATE_PRODUCT = YES;
			};
			name = Release;
		};
		E3FAAA1C1E792DB700B1F1A6 /* Debug */ = {
			isa = XCBuildConfiguration;
			buildSettings = {
				ASSETCATALOG_COMPILER_APPICON_NAME = AppIcon;
				DEVELOPMENT_TEAM = 6T4KFBCGLD;
				INFOPLIST_FILE = BLCoreAnimation/Info.plist;
				LD_RUNPATH_SEARCH_PATHS = "$(inherited) @executable_path/Frameworks";
				PRODUCT_BUNDLE_IDENTIFIER = com.scqc.BLCoreAnimation;
				PRODUCT_NAME = "$(TARGET_NAME)";
			};
			name = Debug;
		};
		E3FAAA1D1E792DB700B1F1A6 /* Release */ = {
			isa = XCBuildConfiguration;
			buildSettings = {
				ASSETCATALOG_COMPILER_APPICON_NAME = AppIcon;
				DEVELOPMENT_TEAM = 6T4KFBCGLD;
				INFOPLIST_FILE = BLCoreAnimation/Info.plist;
				LD_RUNPATH_SEARCH_PATHS = "$(inherited) @executable_path/Frameworks";
				PRODUCT_BUNDLE_IDENTIFIER = com.scqc.BLCoreAnimation;
				PRODUCT_NAME = "$(TARGET_NAME)";
			};
			name = Release;
		};
		E3FAAA1F1E792DB700B1F1A6 /* Debug */ = {
			isa = XCBuildConfiguration;
			buildSettings = {
				BUNDLE_LOADER = "$(TEST_HOST)";
				DEVELOPMENT_TEAM = 6T4KFBCGLD;
				INFOPLIST_FILE = BLCoreAnimationTests/Info.plist;
				LD_RUNPATH_SEARCH_PATHS = "$(inherited) @executable_path/Frameworks @loader_path/Frameworks";
				PRODUCT_BUNDLE_IDENTIFIER = com.scqc.BLCoreAnimationTests;
				PRODUCT_NAME = "$(TARGET_NAME)";
				TEST_HOST = "$(BUILT_PRODUCTS_DIR)/BLCoreAnimation.app/BLCoreAnimation";
			};
			name = Debug;
		};
		E3FAAA201E792DB700B1F1A6 /* Release */ = {
			isa = XCBuildConfiguration;
			buildSettings = {
				BUNDLE_LOADER = "$(TEST_HOST)";
				DEVELOPMENT_TEAM = 6T4KFBCGLD;
				INFOPLIST_FILE = BLCoreAnimationTests/Info.plist;
				LD_RUNPATH_SEARCH_PATHS = "$(inherited) @executable_path/Frameworks @loader_path/Frameworks";
				PRODUCT_BUNDLE_IDENTIFIER = com.scqc.BLCoreAnimationTests;
				PRODUCT_NAME = "$(TARGET_NAME)";
				TEST_HOST = "$(BUILT_PRODUCTS_DIR)/BLCoreAnimation.app/BLCoreAnimation";
			};
			name = Release;
		};
/* End XCBuildConfiguration section */

/* Begin XCConfigurationList section */
		E3FAA9F41E792DB700B1F1A6 /* Build configuration list for PBXProject "BLCoreAnimation" */ = {
			isa = XCConfigurationList;
			buildConfigurations = (
				E3FAAA191E792DB700B1F1A6 /* Debug */,
				E3FAAA1A1E792DB700B1F1A6 /* Release */,
			);
			defaultConfigurationIsVisible = 0;
			defaultConfigurationName = Release;
		};
		E3FAAA1B1E792DB700B1F1A6 /* Build configuration list for PBXNativeTarget "BLCoreAnimation" */ = {
			isa = XCConfigurationList;
			buildConfigurations = (
				E3FAAA1C1E792DB700B1F1A6 /* Debug */,
				E3FAAA1D1E792DB700B1F1A6 /* Release */,
			);
			defaultConfigurationIsVisible = 0;
			defaultConfigurationName = Release;
		};
		E3FAAA1E1E792DB700B1F1A6 /* Build configuration list for PBXNativeTarget "BLCoreAnimationTests" */ = {
			isa = XCConfigurationList;
			buildConfigurations = (
				E3FAAA1F1E792DB700B1F1A6 /* Debug */,
				E3FAAA201E792DB700B1F1A6 /* Release */,
			);
			defaultConfigurationIsVisible = 0;
			defaultConfigurationName = Release;
		};
/* End XCConfigurationList section */
	};
	rootObject = E3FAA9F11E792DB700B1F1A6 /* Project object */;
}
